
Microsoft Visual Studio Solution File, Format Version 12.00
# Visual Studio Version 16
VisualStudioVersion = 16.0.30204.135
MinimumVisualStudioVersion = 10.0.40219.1
Project("{FAE04EC0-301F-11D3-BF4B-00C04F79EFBC}") = "Laboratorio2", "Laboratorio2.csproj", "{2CEFBAC9-3510-466A-B6FD-E0083582F2D0}"
EndProject
Global
	GlobalSection(SolutionConfigurationPlatforms) = preSolution
		Debug|Any CPU = Debug|Any CPU
		Release|Any CPU = Release|Any CPU
	EndGlobalSection
	GlobalSection(ProjectConfigurationPlatforms) = postSolution
		{2CEFBAC9-3510-466A-B6FD-E0083582F2D0}.Debug|Any CPU.ActiveCfg = Debug|Any CPU
		{2CEFBAC9-3510-466A-B6FD-E0083582F2D0}.Debug|Any CPU.Build.0 = Debug|Any CPU
		{2CEFBAC9-3510-466A-B6FD-E0083582F2D0}.Release|Any CPU.ActiveCfg = Release|Any CPU
		{2CEFBAC9-3510-466A-B6FD-E0083582F2D0}.Release|Any CPU.Build.0 = Release|Any CPU
	EndGlobalSection
	GlobalSection(SolutionProperties) = preSolution
		HideSolutionNode = FALSE
	EndGlobalSection
	GlobalSection(ExtensibilityGlobals) = postSolution
		SolutionGuid = {A781CEA2-2512-41A1-A779-D04FB0773DD1}
	EndGlobalSection
EndGlobal
